
Microsoft Visual Studio Solution File, Format Version 12.00
Project("{FAE04EC0-301F-11D3-BF4B-00C04F79EFBC}") = "SsePulse", "SsePulse\SsePulse.csproj", "{3A66E59C-4958-48EF-BEAD-D70F2E003428}"
EndProject
Global
	GlobalSection(SolutionConfigurationPlatforms) = preSolution
		Debug|Any CPU = Debug|Any CPU
		Release|Any CPU = Release|Any CPU
	EndGlobalSection
	GlobalSection(ProjectConfigurationPlatforms) = postSolution
		{3A66E59C-4958-48EF-BEAD-D70F2E003428}.Debug|Any CPU.ActiveCfg = Debug|Any CPU
		{3A66E59C-4958-48EF-BEAD-D70F2E003428}.Debug|Any CPU.Build.0 = Debug|Any CPU
		{3A66E59C-4958-48EF-BEAD-D70F2E003428}.Release|Any CPU.ActiveCfg = Release|Any CPU
		{3A66E59C-4958-48EF-BEAD-D70F2E003428}.Release|Any CPU.Build.0 = Release|Any CPU
	EndGlobalSection
EndGlobal
