<Solution>
  <Configurations>
    <BuildType Name="Debug" />
    <BuildType Name="Release" />
    <BuildType Name="Test" />
  </Configurations>
  <Folder Name="/Solution Items/">
    <File Path=".gitignore" />
    <File Path="Gitversion.yml" />
  </Folder>
  <Folder Name="/src/">
    <Project Path="src/SsePulse.Client/SsePulse.Client.csproj" />
  </Folder>
  <Folder Name="/tests/">
    <Project Path="tests/SsePulse.Client.Tests/SsePulse.Client.Tests.csproj" />
  </Folder>
</Solution>
